
Microsoft Visual Studio Solution File, Format Version 12.00
# Visual Studio Version 17
VisualStudioVersion = 17.8.34511.84
MinimumVisualStudioVersion = 10.0.40219.1
Project("{9A19103F-16F7-4668-BE54-9A1E7A4F7556}") = "SeekingItemReworks", "VisualStudio\SeekingItemReworks.csproj", "{38664952-7633-4511-B968-F80D4B9E2836}"
EndProject
Global
	GlobalSection(SolutionConfigurationPlatforms) = preSolution
		Debug|Any CPU = Debug|Any CPU
		Release|Any CPU = Release|Any CPU
	EndGlobalSection
	GlobalSection(ProjectConfigurationPlatforms) = postSolution
		{38664952-7633-4511-B968-F80D4B9E2836}.Debug|Any CPU.ActiveCfg = Debug|Any CPU
		{38664952-7633-4511-B968-F80D4B9E2836}.Debug|Any CPU.Build.0 = Debug|Any CPU
		{38664952-7633-4511-B968-F80D4B9E2836}.Release|Any CPU.ActiveCfg = Release|Any CPU
		{38664952-7633-4511-B968-F80D4B9E2836}.Release|Any CPU.Build.0 = Release|Any CPU
	EndGlobalSection
	GlobalSection(SolutionProperties) = preSolution
		HideSolutionNode = FALSE
	EndGlobalSection
	GlobalSection(ExtensibilityGlobals) = postSolution
		SolutionGuid = {63FF4F3F-4845-4736-88F9-6AC7A6C136C0}
	EndGlobalSection
EndGlobal
